
Microsoft Visual Studio Solution File, Format Version 12.00
# Visual Studio Version 16
VisualStudioVersion = 16.0.32106.194
MinimumVisualStudioVersion = 10.0.40219.1
Project("{FAE04EC0-301F-11D3-BF4B-00C04F79EFBC}") = "snake", "snake\snake.csproj", "{64715F80-C527-4D98-97AD-C9273BA837ED}"
EndProject
Global
	GlobalSection(SolutionConfigurationPlatforms) = preSolution
		Debug|Any CPU = Debug|Any CPU
		Release|Any CPU = Release|Any CPU
	EndGlobalSection
	GlobalSection(ProjectConfigurationPlatforms) = postSolution
		{64715F80-C527-4D98-97AD-C9273BA837ED}.Debug|Any CPU.ActiveCfg = Debug|Any CPU
		{64715F80-C527-4D98-97AD-C9273BA837ED}.Debug|Any CPU.Build.0 = Debug|Any CPU
		{64715F80-C527-4D98-97AD-C9273BA837ED}.Release|Any CPU.ActiveCfg = Release|Any CPU
		{64715F80-C527-4D98-97AD-C9273BA837ED}.Release|Any CPU.Build.0 = Release|Any CPU
	EndGlobalSection
	GlobalSection(SolutionProperties) = preSolution
		HideSolutionNode = FALSE
	EndGlobalSection
	GlobalSection(ExtensibilityGlobals) = postSolution
		SolutionGuid = {12C0F91D-40E9-454F-BB1B-F3B61E988DB6}
	EndGlobalSection
EndGlobal
